# THIS IS AN AUTOGENERATED FILE. DO NOT EDIT THIS FILE DIRECTLY.
# yarn lockfile v1


"@types/wicg-file-system-access@^2020.9.1":
  version "2020.9.1"
  resolved "https://registry.yarnpkg.com/@types/wicg-file-system-access/-/wicg-file-system-access-2020.9.1.tgz#ae1f420b0ca70f545c8621a9b63ed29270ef724a"
  integrity sha512-hEN/YpLwvDjhRJrKoBiyiKtIh2zNkmJ/GY9VWIXNgjy7TBZNM9upfb/rnWDGpOoLomnEQtlTBjFBFCDra1oxOQ==

asyncify-wasm@^1.1.1:
  version "1.1.2"
  resolved "https://registry.yarnpkg.com/asyncify-wasm/-/asyncify-wasm-1.1.2.tgz#914c27f4d642335e7ca775176401442176a2224a"
  integrity sha512-KGrv8/ZcxRgnQRTL3IYidpA7cFMtVozIRopd2lw/LgCSUWVtxDg93QQ7ulll9kGpq2Vf/RevGU503dRYXxqF+Q==

"local-echo@github:RReverser/local-echo":
  version "0.2.0"
  resolved "https://codeload.github.com/RReverser/local-echo/tar.gz/e09efbba529cfca6de38339697eaa22c49cc627b"
  dependencies:
    shell-quote "^1.6.1"

shell-quote@^1.6.1:
  version "1.7.2"
  resolved "https://registry.yarnpkg.com/shell-quote/-/shell-quote-1.7.2.tgz#67a7d02c76c9da24f99d20808fcaded0e0e04be2"
  integrity sha512-mRz/m/JVscCrkMyPqHc/bczi3OQHkLTqXHEFu0zDhK/qfv3UcOA4SVmRCLmos4bhjr9ekVQubj/R7waKapmiQg==

typescript@^4.0.3:
  version "4.2.3"
  resolved "https://registry.yarnpkg.com/typescript/-/typescript-4.2.3.tgz#39062d8019912d43726298f09493d598048c1ce3"
  integrity sha512-qOcYwxaByStAWrBf4x0fibwZvMRG+r4cQoTjbPtUlrWjBHbmCAww1i448U0GJ+3cNNEtebDteo/cHOR3xJ4wEw==

xterm-addon-fit@^0.4.0:
  version "0.4.0"
  resolved "https://registry.yarnpkg.com/xterm-addon-fit/-/xterm-addon-fit-0.4.0.tgz#06e0c5d0a6aaacfb009ef565efa1c81e93d90193"
  integrity sha512-p4BESuV/g2L6pZzFHpeNLLnep9mp/DkF3qrPglMiucSFtD8iJxtMufEoEJbN8LZwB4i+8PFpFvVuFrGOSpW05w==

xterm-addon-web-links@^0.4.0:
  version "0.4.0"
  resolved "https://registry.yarnpkg.com/xterm-addon-web-links/-/xterm-addon-web-links-0.4.0.tgz#265cbf8221b9b315d0a748e1323bee331cd5da03"
  integrity sha512-xv8GeiINmx0zENO9hf5k+5bnkaE8mRzF+OBAr9WeFq2eLaQSudioQSiT34M1ofKbzcdjSsKiZm19Rw3i4eXamg==

xterm@^4.9.0:
  version "4.10.0"
  resolved "https://registry.yarnpkg.com/xterm/-/xterm-4.10.0.tgz#fc4f554e3e718aff9b83622e858e64b0953067bb"
  integrity sha512-Wn66I8YpSVkgP3R95GjABC6Eb21pFfnCSnyIqKIIoUI13ohvwd0KGVzUDfyEFfSAzKbPJfrT2+vt7SfUXBZQKQ==
